# This file is automatically @generated by Poetry 1.8.5 and should not be changed by hand.

[[package]]
name = "python-json-logger"
version = "3.2.1"
description = "JSON Log Formatter for the Python Logging Package"
optional = false
python-versions = ">=3.8"
files = [
    {file = "python_json_logger-3.2.1-py3-none-any.whl", hash = "sha256:cdc17047eb5374bd311e748b42f99d71223f3b0e186f4206cc5d52aefe85b090"},
    {file = "python_json_logger-3.2.1.tar.gz", hash = "sha256:8eb0554ea17cb75b05d2848bc14fb02fbdbd9d6972120781b974380bfa162008"},
]

[package.extras]
dev = ["backports.zoneinfo", "black", "build", "freezegun", "mdx_truly_sane_lists", "mike", "mkdocs", "mkdocs-awesome-pages-plugin", "mkdocs-gen-files", "mkdocs-literate-nav", "mkdocs-material (>=8.5)", "mkdocstrings[python]", "msgspec", "msgspec-python313-pre", "mypy", "orjson", "pylint", "pytest", "tzdata", "validate-pyproject[all]"]

[metadata]
lock-version = "2.0"
python-versions = "^3.10"
content-hash = "70638d872ebfdefe51de10a1de9f56c7197d32d78f2e3b9a0ccebcc176b16105"
